{
  "checksum": "863f5e16c1d5a40f514ec4f49c890a32ed8b829a037917a25fcbd9afa92000b8",
  "crates": {
    "aho-corasick 1.0.3": {
      "name": "aho-corasick",
      "version": "1.0.3",
      "repository": {
        "Http": {
          "url": "https://crates.io/api/v1/crates/aho-corasick/1.0.3/download",
          "sha256": "86b8f9420f797f2d9e935edf629310eb938a0d839f984e25327f3c7eed22300c"
        }
      },
      "targets": [
        {
          "Library": {
            "crate_name": "aho_corasick",
            "crate_root": "src/lib.rs",
            "srcs": [
              "**/*.rs"
            ]
          }
        }
      ],
      "library_target_name": "aho_corasick",
      "common_attrs": {
        "compile_data_glob": [
          "**"
        ],
        "crate_features": {
          "common": [
            "default",
            "perf-literal",
            "std"
          ],
          "selects": {}
        },
        "deps": {
          "common": [
            {
              "id": "memchr 2.5.0",
              "target": "memchr"
            }
          ],
          "selects": {}
        },
        "edition": "2021",
        "version": "1.0.3"
      },
      "license": "Unlicense OR MIT"
    },
    "bitflags 2.3.3": {
      "name": "bitflags",
      "version": "2.3.3",
      "repository": {
        "Http": {
          "url": "https://crates.io/api/v1/crates/bitflags/2.3.3/download",
          "sha256": "630be753d4e58660abd17930c71b647fe46c27ea6b63cc59e1e3851406972e42"
        }
      },
      "targets": [
        {
          "Library": {
            "crate_name": "bitflags",
            "crate_root": "src/lib.rs",
            "srcs": [
              "**/*.rs"
            ]
          }
        }
      ],
      "library_target_name": "bitflags",
      "common_attrs": {
        "compile_data_glob": [
          "**"
        ],
        "edition": "2021",
        "version": "2.3.3"
      },
      "license": "MIT OR Apache-2.0"
    },
    "cfg-if 1.0.0": {
      "name": "cfg-if",
      "version": "1.0.0",
      "repository": {
        "Http": {
          "url": "https://crates.io/api/v1/crates/cfg-if/1.0.0/download",
          "sha256": "baf1de4339761588bc0619e3cbc0120ee582ebb74b53b4efbf79117bd2da40fd"
        }
      },
      "targets": [
        {
          "Library": {
            "crate_name": "cfg_if",
            "crate_root": "src/lib.rs",
            "srcs": [
              "**/*.rs"
            ]
          }
        }
      ],
      "library_target_name": "cfg_if",
      "common_attrs": {
        "compile_data_glob": [
          "**"
        ],
        "edition": "2018",
        "version": "1.0.0"
      },
      "license": "MIT/Apache-2.0"
    },
    "convert_case 0.6.0": {
      "name": "convert_case",
      "version": "0.6.0",
      "repository": {
        "Http": {
          "url": "https://crates.io/api/v1/crates/convert_case/0.6.0/download",
          "sha256": "ec182b0ca2f35d8fc196cf3404988fd8b8c739a4d270ff118a398feb0cbec1ca"
        }
      },
      "targets": [
        {
          "Library": {
            "crate_name": "convert_case",
            "crate_root": "src/lib.rs",
            "srcs": [
              "**/*.rs"
            ]
          }
        }
      ],
      "library_target_name": "convert_case",
      "common_attrs": {
        "compile_data_glob": [
          "**"
        ],
        "deps": {
          "common": [
            {
              "id": "unicode-segmentation 1.10.1",
              "target": "unicode_segmentation"
            }
          ],
          "selects": {}
        },
        "edition": "2018",
        "version": "0.6.0"
      },
      "license": "MIT"
    },
    "ctor 0.2.4": {
      "name": "ctor",
      "version": "0.2.4",
      "repository": {
        "Http": {
          "url": "https://crates.io/api/v1/crates/ctor/0.2.4/download",
          "sha256": "1f34ba9a9bcb8645379e9de8cb3ecfcf4d1c85ba66d90deb3259206fa5aa193b"
        }
      },
      "targets": [
        {
          "ProcMacro": {
            "crate_name": "ctor",
            "crate_root": "src/lib.rs",
            "srcs": [
              "**/*.rs"
            ]
          }
        }
      ],
      "library_target_name": "ctor",
      "common_attrs": {
        "compile_data_glob": [
          "**"
        ],
        "deps": {
          "common": [
            {
              "id": "quote 1.0.32",
              "target": "quote"
            },
            {
              "id": "syn 2.0.28",
              "target": "syn"
            }
          ],
          "selects": {}
        },
        "edition": "2018",
        "version": "0.2.4"
      },
      "license": "Apache-2.0 OR MIT"
    },
    "demo 0.0.0": {
      "name": "demo",
      "version": "0.0.0",
      "repository": null,
      "targets": [
        {
          "Library": {
            "crate_name": "demo",
            "crate_root": "fake_lib.rs",
            "srcs": [
              "**/*.rs"
            ]
          }
        }
      ],
      "library_target_name": "demo",
      "common_attrs": {
        "compile_data_glob": [
          "**"
        ],
        "deps": {
          "common": [
            {
              "id": "napi 2.13.2",
              "target": "napi"
            }
          ],
          "selects": {}
        },
        "edition": "2015",
        "proc_macro_deps": {
          "common": [
            {
              "id": "napi-derive 2.13.0",
              "target": "napi_derive"
            }
          ],
          "selects": {}
        },
        "version": "0.0.0"
      },
      "license": null
    },
    "libloading 0.7.4": {
      "name": "libloading",
      "version": "0.7.4",
      "repository": {
        "Http": {
          "url": "https://crates.io/api/v1/crates/libloading/0.7.4/download",
          "sha256": "b67380fd3b2fbe7527a606e18729d21c6f3951633d0500574c4dc22d2d638b9f"
        }
      },
      "targets": [
        {
          "Library": {
            "crate_name": "libloading",
            "crate_root": "src/lib.rs",
            "srcs": [
              "**/*.rs"
            ]
          }
        }
      ],
      "library_target_name": "libloading",
      "common_attrs": {
        "compile_data_glob": [
          "**"
        ],
        "deps": {
          "common": [],
          "selects": {
            "cfg(unix)": [
              {
                "id": "cfg-if 1.0.0",
                "target": "cfg_if"
              }
            ],
            "cfg(windows)": [
              {
                "id": "winapi 0.3.9",
                "target": "winapi"
              }
            ]
          }
        },
        "edition": "2015",
        "version": "0.7.4"
      },
      "license": "ISC"
    },
    "memchr 2.5.0": {
      "name": "memchr",
      "version": "2.5.0",
      "repository": {
        "Http": {
          "url": "https://crates.io/api/v1/crates/memchr/2.5.0/download",
          "sha256": "2dffe52ecf27772e601905b7522cb4ef790d2cc203488bbd0e2fe85fcb74566d"
        }
      },
      "targets": [
        {
          "Library": {
            "crate_name": "memchr",
            "crate_root": "src/lib.rs",
            "srcs": [
              "**/*.rs"
            ]
          }
        },
        {
          "BuildScript": {
            "crate_name": "build_script_build",
            "crate_root": "build.rs",
            "srcs": [
              "**/*.rs"
            ]
          }
        }
      ],
      "library_target_name": "memchr",
      "common_attrs": {
        "compile_data_glob": [
          "**"
        ],
        "crate_features": {
          "common": [
            "default",
            "std"
          ],
          "selects": {}
        },
        "deps": {
          "common": [
            {
              "id": "memchr 2.5.0",
              "target": "build_script_build"
            }
          ],
          "selects": {}
        },
        "edition": "2018",
        "version": "2.5.0"
      },
      "build_script_attrs": {
        "data_glob": [
          "**"
        ]
      },
      "license": "Unlicense/MIT"
    },
    "napi 2.13.2": {
      "name": "napi",
      "version": "2.13.2",
      "repository": {
        "Http": {
          "url": "https://crates.io/api/v1/crates/napi/2.13.2/download",
          "sha256": "0ede2d12cd6fce44da537a4be1f5510c73be2506c2e32dfaaafd1f36968f3a0e"
        }
      },
      "targets": [
        {
          "Library": {
            "crate_name": "napi",
            "crate_root": "src/lib.rs",
            "srcs": [
              "**/*.rs"
            ]
          }
        }
      ],
      "library_target_name": "napi",
      "common_attrs": {
        "compile_data_glob": [
          "**"
        ],
        "crate_features": {
          "common": [
            "compat-mode",
            "default",
            "napi1",
            "napi2",
            "napi3"
          ],
          "selects": {}
        },
        "deps": {
          "common": [
            {
              "id": "bitflags 2.3.3",
              "target": "bitflags"
            },
            {
              "id": "napi-sys 2.2.3",
              "target": "napi_sys"
            },
            {
              "id": "once_cell 1.18.0",
              "target": "once_cell"
            }
          ],
          "selects": {}
        },
        "edition": "2021",
        "proc_macro_deps": {
          "common": [
            {
              "id": "ctor 0.2.4",
              "target": "ctor"
            }
          ],
          "selects": {
            "cfg(target_arch = \"wasm32\")": [
              {
                "id": "napi-derive 2.13.0",
                "target": "napi_derive"
              }
            ]
          }
        },
        "version": "2.13.2"
      },
      "license": "MIT"
    },
    "napi-derive 2.13.0": {
      "name": "napi-derive",
      "version": "2.13.0",
      "repository": {
        "Http": {
          "url": "https://crates.io/api/v1/crates/napi-derive/2.13.0/download",
          "sha256": "da1c6a8fa84d549aa8708fcd062372bf8ec6e849de39016ab921067d21bde367"
        }
      },
      "targets": [
        {
          "ProcMacro": {
            "crate_name": "napi_derive",
            "crate_root": "src/lib.rs",
            "srcs": [
              "**/*.rs"
            ]
          }
        }
      ],
      "library_target_name": "napi_derive",
      "common_attrs": {
        "compile_data_glob": [
          "**"
        ],
        "crate_features": {
          "common": [
            "compat-mode",
            "default",
            "full",
            "strict",
            "type-def"
          ],
          "selects": {}
        },
        "deps": {
          "common": [
            {
              "id": "cfg-if 1.0.0",
              "target": "cfg_if"
            },
            {
              "id": "convert_case 0.6.0",
              "target": "convert_case"
            },
            {
              "id": "napi-derive-backend 1.0.52",
              "target": "napi_derive_backend"
            },
            {
              "id": "proc-macro2 1.0.66",
              "target": "proc_macro2"
            },
            {
              "id": "quote 1.0.32",
              "target": "quote"
            },
            {
              "id": "syn 1.0.109",
              "target": "syn"
            }
          ],
          "selects": {}
        },
        "edition": "2021",
        "version": "2.13.0"
      },
      "license": "MIT"
    },
    "napi-derive-backend 1.0.52": {
      "name": "napi-derive-backend",
      "version": "1.0.52",
      "repository": {
        "Http": {
          "url": "https://crates.io/api/v1/crates/napi-derive-backend/1.0.52/download",
          "sha256": "20bbc7c69168d06a848f925ec5f0e0997f98e8c8d4f2cc30157f0da51c009e17"
        }
      },
      "targets": [
        {
          "Library": {
            "crate_name": "napi_derive_backend",
            "crate_root": "src/lib.rs",
            "srcs": [
              "**/*.rs"
            ]
          }
        }
      ],
      "library_target_name": "napi_derive_backend",
      "common_attrs": {
        "compile_data_glob": [
          "**"
        ],
        "crate_features": {
          "common": [
            "once_cell",
            "regex",
            "semver",
            "strict",
            "type-def"
          ],
          "selects": {}
        },
        "deps": {
          "common": [
            {
              "id": "convert_case 0.6.0",
              "target": "convert_case"
            },
            {
              "id": "once_cell 1.18.0",
              "target": "once_cell"
            },
            {
              "id": "proc-macro2 1.0.66",
              "target": "proc_macro2"
            },
            {
              "id": "quote 1.0.32",
              "target": "quote"
            },
            {
              "id": "regex 1.9.3",
              "target": "regex"
            },
            {
              "id": "semver 1.0.18",
              "target": "semver"
            },
            {
              "id": "syn 1.0.109",
              "target": "syn"
            }
          ],
          "selects": {}
        },
        "edition": "2021",
        "version": "1.0.52"
      },
      "license": "MIT"
    },
    "napi-sys 2.2.3": {
      "name": "napi-sys",
      "version": "2.2.3",
      "repository": {
        "Http": {
          "url": "https://crates.io/api/v1/crates/napi-sys/2.2.3/download",
          "sha256": "166b5ef52a3ab5575047a9fe8d4a030cdd0f63c96f071cd6907674453b07bae3"
        }
      },
      "targets": [
        {
          "Library": {
            "crate_name": "napi_sys",
            "crate_root": "src/lib.rs",
            "srcs": [
              "**/*.rs"
            ]
          }
        }
      ],
      "library_target_name": "napi_sys",
      "common_attrs": {
        "compile_data_glob": [
          "**"
        ],
        "crate_features": {
          "common": [
            "napi1",
            "napi2",
            "napi3"
          ],
          "selects": {}
        },
        "deps": {
          "common": [],
          "selects": {
            "cfg(windows)": [
              {
                "id": "libloading 0.7.4",
                "target": "libloading"
              }
            ]
          }
        },
        "edition": "2021",
        "version": "2.2.3"
      },
      "license": "MIT"
    },
    "once_cell 1.18.0": {
      "name": "once_cell",
      "version": "1.18.0",
      "repository": {
        "Http": {
          "url": "https://crates.io/api/v1/crates/once_cell/1.18.0/download",
          "sha256": "dd8b5dd2ae5ed71462c540258bedcb51965123ad7e7ccf4b9a8cafaa4a63576d"
        }
      },
      "targets": [
        {
          "Library": {
            "crate_name": "once_cell",
            "crate_root": "src/lib.rs",
            "srcs": [
              "**/*.rs"
            ]
          }
        }
      ],
      "library_target_name": "once_cell",
      "common_attrs": {
        "compile_data_glob": [
          "**"
        ],
        "crate_features": {
          "common": [
            "alloc",
            "default",
            "race",
            "std"
          ],
          "selects": {}
        },
        "edition": "2021",
        "version": "1.18.0"
      },
      "license": "MIT OR Apache-2.0"
    },
    "proc-macro2 1.0.66": {
      "name": "proc-macro2",
      "version": "1.0.66",
      "repository": {
        "Http": {
          "url": "https://crates.io/api/v1/crates/proc-macro2/1.0.66/download",
          "sha256": "18fb31db3f9bddb2ea821cde30a9f70117e3f119938b5ee630b7403aa6e2ead9"
        }
      },
      "targets": [
        {
          "Library": {
            "crate_name": "proc_macro2",
            "crate_root": "src/lib.rs",
            "srcs": [
              "**/*.rs"
            ]
          }
        },
        {
          "BuildScript": {
            "crate_name": "build_script_build",
            "crate_root": "build.rs",
            "srcs": [
              "**/*.rs"
            ]
          }
        }
      ],
      "library_target_name": "proc_macro2",
      "common_attrs": {
        "compile_data_glob": [
          "**"
        ],
        "crate_features": {
          "common": [
            "default",
            "proc-macro"
          ],
          "selects": {}
        },
        "deps": {
          "common": [
            {
              "id": "proc-macro2 1.0.66",
              "target": "build_script_build"
            },
            {
              "id": "unicode-ident 1.0.11",
              "target": "unicode_ident"
            }
          ],
          "selects": {}
        },
        "edition": "2021",
        "version": "1.0.66"
      },
      "build_script_attrs": {
        "data_glob": [
          "**"
        ]
      },
      "license": "MIT OR Apache-2.0"
    },
    "quote 1.0.32": {
      "name": "quote",
      "version": "1.0.32",
      "repository": {
        "Http": {
          "url": "https://crates.io/api/v1/crates/quote/1.0.32/download",
          "sha256": "50f3b39ccfb720540debaa0164757101c08ecb8d326b15358ce76a62c7e85965"
        }
      },
      "targets": [
        {
          "Library": {
            "crate_name": "quote",
            "crate_root": "src/lib.rs",
            "srcs": [
              "**/*.rs"
            ]
          }
        }
      ],
      "library_target_name": "quote",
      "common_attrs": {
        "compile_data_glob": [
          "**"
        ],
        "crate_features": {
          "common": [
            "default",
            "proc-macro"
          ],
          "selects": {}
        },
        "deps": {
          "common": [
            {
              "id": "proc-macro2 1.0.66",
              "target": "proc_macro2"
            }
          ],
          "selects": {}
        },
        "edition": "2018",
        "version": "1.0.32"
      },
      "license": "MIT OR Apache-2.0"
    },
    "regex 1.9.3": {
      "name": "regex",
      "version": "1.9.3",
      "repository": {
        "Http": {
          "url": "https://crates.io/api/v1/crates/regex/1.9.3/download",
          "sha256": "81bc1d4caf89fac26a70747fe603c130093b53c773888797a6329091246d651a"
        }
      },
      "targets": [
        {
          "Library": {
            "crate_name": "regex",
            "crate_root": "src/lib.rs",
            "srcs": [
              "**/*.rs"
            ]
          }
        }
      ],
      "library_target_name": "regex",
      "common_attrs": {
        "compile_data_glob": [
          "**"
        ],
        "crate_features": {
          "common": [
            "default",
            "perf",
            "perf-backtrack",
            "perf-cache",
            "perf-dfa",
            "perf-inline",
            "perf-literal",
            "perf-onepass",
            "std",
            "unicode",
            "unicode-age",
            "unicode-bool",
            "unicode-case",
            "unicode-gencat",
            "unicode-perl",
            "unicode-script",
            "unicode-segment"
          ],
          "selects": {}
        },
        "deps": {
          "common": [
            {
              "id": "aho-corasick 1.0.3",
              "target": "aho_corasick"
            },
            {
              "id": "memchr 2.5.0",
              "target": "memchr"
            },
            {
              "id": "regex-automata 0.3.6",
              "target": "regex_automata"
            },
            {
              "id": "regex-syntax 0.7.4",
              "target": "regex_syntax"
            }
          ],
          "selects": {}
        },
        "edition": "2021",
        "version": "1.9.3"
      },
      "license": "MIT OR Apache-2.0"
    },
    "regex-automata 0.3.6": {
      "name": "regex-automata",
      "version": "0.3.6",
      "repository": {
        "Http": {
          "url": "https://crates.io/api/v1/crates/regex-automata/0.3.6/download",
          "sha256": "fed1ceff11a1dddaee50c9dc8e4938bd106e9d89ae372f192311e7da498e3b69"
        }
      },
      "targets": [
        {
          "Library": {
            "crate_name": "regex_automata",
            "crate_root": "src/lib.rs",
            "srcs": [
              "**/*.rs"
            ]
          }
        }
      ],
      "library_target_name": "regex_automata",
      "common_attrs": {
        "compile_data_glob": [
          "**"
        ],
        "crate_features": {
          "common": [
            "alloc",
            "dfa-onepass",
            "hybrid",
            "meta",
            "nfa-backtrack",
            "nfa-pikevm",
            "nfa-thompson",
            "perf-inline",
            "perf-literal",
            "perf-literal-multisubstring",
            "perf-literal-substring",
            "std",
            "syntax",
            "unicode",
            "unicode-age",
            "unicode-bool",
            "unicode-case",
            "unicode-gencat",
            "unicode-perl",
            "unicode-script",
            "unicode-segment",
            "unicode-word-boundary"
          ],
          "selects": {}
        },
        "deps": {
          "common": [
            {
              "id": "aho-corasick 1.0.3",
              "target": "aho_corasick"
            },
            {
              "id": "memchr 2.5.0",
              "target": "memchr"
            },
            {
              "id": "regex-syntax 0.7.4",
              "target": "regex_syntax"
            }
          ],
          "selects": {}
        },
        "edition": "2021",
        "version": "0.3.6"
      },
      "license": "MIT OR Apache-2.0"
    },
    "regex-syntax 0.7.4": {
      "name": "regex-syntax",
      "version": "0.7.4",
      "repository": {
        "Http": {
          "url": "https://crates.io/api/v1/crates/regex-syntax/0.7.4/download",
          "sha256": "e5ea92a5b6195c6ef2a0295ea818b312502c6fc94dde986c5553242e18fd4ce2"
        }
      },
      "targets": [
        {
          "Library": {
            "crate_name": "regex_syntax",
            "crate_root": "src/lib.rs",
            "srcs": [
              "**/*.rs"
            ]
          }
        }
      ],
      "library_target_name": "regex_syntax",
      "common_attrs": {
        "compile_data_glob": [
          "**"
        ],
        "crate_features": {
          "common": [
            "default",
            "std",
            "unicode",
            "unicode-age",
            "unicode-bool",
            "unicode-case",
            "unicode-gencat",
            "unicode-perl",
            "unicode-script",
            "unicode-segment"
          ],
          "selects": {}
        },
        "edition": "2021",
        "version": "0.7.4"
      },
      "license": "MIT OR Apache-2.0"
    },
    "semver 1.0.18": {
      "name": "semver",
      "version": "1.0.18",
      "repository": {
        "Http": {
          "url": "https://crates.io/api/v1/crates/semver/1.0.18/download",
          "sha256": "b0293b4b29daaf487284529cc2f5675b8e57c61f70167ba415a463651fd6a918"
        }
      },
      "targets": [
        {
          "Library": {
            "crate_name": "semver",
            "crate_root": "src/lib.rs",
            "srcs": [
              "**/*.rs"
            ]
          }
        },
        {
          "BuildScript": {
            "crate_name": "build_script_build",
            "crate_root": "build.rs",
            "srcs": [
              "**/*.rs"
            ]
          }
        }
      ],
      "library_target_name": "semver",
      "common_attrs": {
        "compile_data_glob": [
          "**"
        ],
        "crate_features": {
          "common": [
            "default",
            "std"
          ],
          "selects": {}
        },
        "deps": {
          "common": [
            {
              "id": "semver 1.0.18",
              "target": "build_script_build"
            }
          ],
          "selects": {}
        },
        "edition": "2018",
        "version": "1.0.18"
      },
      "build_script_attrs": {
        "data_glob": [
          "**"
        ]
      },
      "license": "MIT OR Apache-2.0"
    },
    "syn 1.0.109": {
      "name": "syn",
      "version": "1.0.109",
      "repository": {
        "Http": {
          "url": "https://crates.io/api/v1/crates/syn/1.0.109/download",
          "sha256": "72b64191b275b66ffe2469e8af2c1cfe3bafa67b529ead792a6d0160888b4237"
        }
      },
      "targets": [
        {
          "Library": {
            "crate_name": "syn",
            "crate_root": "src/lib.rs",
            "srcs": [
              "**/*.rs"
            ]
          }
        },
        {
          "BuildScript": {
            "crate_name": "build_script_build",
            "crate_root": "build.rs",
            "srcs": [
              "**/*.rs"
            ]
          }
        }
      ],
      "library_target_name": "syn",
      "common_attrs": {
        "compile_data_glob": [
          "**"
        ],
        "crate_features": {
          "common": [
            "clone-impls",
            "default",
            "derive",
            "extra-traits",
            "fold",
            "full",
            "parsing",
            "printing",
            "proc-macro",
            "quote"
          ],
          "selects": {}
        },
        "deps": {
          "common": [
            {
              "id": "proc-macro2 1.0.66",
              "target": "proc_macro2"
            },
            {
              "id": "quote 1.0.32",
              "target": "quote"
            },
            {
              "id": "syn 1.0.109",
              "target": "build_script_build"
            },
            {
              "id": "unicode-ident 1.0.11",
              "target": "unicode_ident"
            }
          ],
          "selects": {}
        },
        "edition": "2018",
        "version": "1.0.109"
      },
      "build_script_attrs": {
        "data_glob": [
          "**"
        ]
      },
      "license": "MIT OR Apache-2.0"
    },
    "syn 2.0.28": {
      "name": "syn",
      "version": "2.0.28",
      "repository": {
        "Http": {
          "url": "https://crates.io/api/v1/crates/syn/2.0.28/download",
          "sha256": "04361975b3f5e348b2189d8dc55bc942f278b2d482a6a0365de5bdd62d351567"
        }
      },
      "targets": [
        {
          "Library": {
            "crate_name": "syn",
            "crate_root": "src/lib.rs",
            "srcs": [
              "**/*.rs"
            ]
          }
        }
      ],
      "library_target_name": "syn",
      "common_attrs": {
        "compile_data_glob": [
          "**"
        ],
        "crate_features": {
          "common": [
            "full",
            "parsing",
            "printing",
            "proc-macro",
            "quote"
          ],
          "selects": {}
        },
        "deps": {
          "common": [
            {
              "id": "proc-macro2 1.0.66",
              "target": "proc_macro2"
            },
            {
              "id": "quote 1.0.32",
              "target": "quote"
            },
            {
              "id": "unicode-ident 1.0.11",
              "target": "unicode_ident"
            }
          ],
          "selects": {}
        },
        "edition": "2021",
        "version": "2.0.28"
      },
      "license": "MIT OR Apache-2.0"
    },
    "unicode-ident 1.0.11": {
      "name": "unicode-ident",
      "version": "1.0.11",
      "repository": {
        "Http": {
          "url": "https://crates.io/api/v1/crates/unicode-ident/1.0.11/download",
          "sha256": "301abaae475aa91687eb82514b328ab47a211a533026cb25fc3e519b86adfc3c"
        }
      },
      "targets": [
        {
          "Library": {
            "crate_name": "unicode_ident",
            "crate_root": "src/lib.rs",
            "srcs": [
              "**/*.rs"
            ]
          }
        }
      ],
      "library_target_name": "unicode_ident",
      "common_attrs": {
        "compile_data_glob": [
          "**"
        ],
        "edition": "2018",
        "version": "1.0.11"
      },
      "license": "(MIT OR Apache-2.0) AND Unicode-DFS-2016"
    },
    "unicode-segmentation 1.10.1": {
      "name": "unicode-segmentation",
      "version": "1.10.1",
      "repository": {
        "Http": {
          "url": "https://crates.io/api/v1/crates/unicode-segmentation/1.10.1/download",
          "sha256": "1dd624098567895118886609431a7c3b8f516e41d30e0643f03d94592a147e36"
        }
      },
      "targets": [
        {
          "Library": {
            "crate_name": "unicode_segmentation",
            "crate_root": "src/lib.rs",
            "srcs": [
              "**/*.rs"
            ]
          }
        }
      ],
      "library_target_name": "unicode_segmentation",
      "common_attrs": {
        "compile_data_glob": [
          "**"
        ],
        "edition": "2018",
        "version": "1.10.1"
      },
      "license": "MIT/Apache-2.0"
    },
    "winapi 0.3.9": {
      "name": "winapi",
      "version": "0.3.9",
      "repository": {
        "Http": {
          "url": "https://crates.io/api/v1/crates/winapi/0.3.9/download",
          "sha256": "5c839a674fcd7a98952e593242ea400abe93992746761e38641405d28b00f419"
        }
      },
      "targets": [
        {
          "Library": {
            "crate_name": "winapi",
            "crate_root": "src/lib.rs",
            "srcs": [
              "**/*.rs"
            ]
          }
        },
        {
          "BuildScript": {
            "crate_name": "build_script_build",
            "crate_root": "build.rs",
            "srcs": [
              "**/*.rs"
            ]
          }
        }
      ],
      "library_target_name": "winapi",
      "common_attrs": {
        "compile_data_glob": [
          "**"
        ],
        "crate_features": {
          "common": [
            "errhandlingapi",
            "libloaderapi"
          ],
          "selects": {}
        },
        "deps": {
          "common": [
            {
              "id": "winapi 0.3.9",
              "target": "build_script_build"
            }
          ],
          "selects": {
            "i686-pc-windows-gnu": [
              {
                "id": "winapi-i686-pc-windows-gnu 0.4.0",
                "target": "winapi_i686_pc_windows_gnu"
              }
            ],
            "x86_64-pc-windows-gnu": [
              {
                "id": "winapi-x86_64-pc-windows-gnu 0.4.0",
                "target": "winapi_x86_64_pc_windows_gnu"
              }
            ]
          }
        },
        "edition": "2015",
        "version": "0.3.9"
      },
      "build_script_attrs": {
        "data_glob": [
          "**"
        ]
      },
      "license": "MIT/Apache-2.0"
    },
    "winapi-i686-pc-windows-gnu 0.4.0": {
      "name": "winapi-i686-pc-windows-gnu",
      "version": "0.4.0",
      "repository": {
        "Http": {
          "url": "https://crates.io/api/v1/crates/winapi-i686-pc-windows-gnu/0.4.0/download",
          "sha256": "ac3b87c63620426dd9b991e5ce0329eff545bccbbb34f3be09ff6fb6ab51b7b6"
        }
      },
      "targets": [
        {
          "Library": {
            "crate_name": "winapi_i686_pc_windows_gnu",
            "crate_root": "src/lib.rs",
            "srcs": [
              "**/*.rs"
            ]
          }
        },
        {
          "BuildScript": {
            "crate_name": "build_script_build",
            "crate_root": "build.rs",
            "srcs": [
              "**/*.rs"
            ]
          }
        }
      ],
      "library_target_name": "winapi_i686_pc_windows_gnu",
      "common_attrs": {
        "compile_data_glob": [
          "**"
        ],
        "deps": {
          "common": [
            {
              "id": "winapi-i686-pc-windows-gnu 0.4.0",
              "target": "build_script_build"
            }
          ],
          "selects": {}
        },
        "edition": "2015",
        "version": "0.4.0"
      },
      "build_script_attrs": {
        "data_glob": [
          "**"
        ]
      },
      "license": "MIT/Apache-2.0"
    },
    "winapi-x86_64-pc-windows-gnu 0.4.0": {
      "name": "winapi-x86_64-pc-windows-gnu",
      "version": "0.4.0",
      "repository": {
        "Http": {
          "url": "https://crates.io/api/v1/crates/winapi-x86_64-pc-windows-gnu/0.4.0/download",
          "sha256": "712e227841d057c1ee1cd2fb22fa7e5a5461ae8e48fa2ca79ec42cfc1931183f"
        }
      },
      "targets": [
        {
          "Library": {
            "crate_name": "winapi_x86_64_pc_windows_gnu",
            "crate_root": "src/lib.rs",
            "srcs": [
              "**/*.rs"
            ]
          }
        },
        {
          "BuildScript": {
            "crate_name": "build_script_build",
            "crate_root": "build.rs",
            "srcs": [
              "**/*.rs"
            ]
          }
        }
      ],
      "library_target_name": "winapi_x86_64_pc_windows_gnu",
      "common_attrs": {
        "compile_data_glob": [
          "**"
        ],
        "deps": {
          "common": [
            {
              "id": "winapi-x86_64-pc-windows-gnu 0.4.0",
              "target": "build_script_build"
            }
          ],
          "selects": {}
        },
        "edition": "2015",
        "version": "0.4.0"
      },
      "build_script_attrs": {
        "data_glob": [
          "**"
        ]
      },
      "license": "MIT/Apache-2.0"
    }
  },
  "binary_crates": [],
  "workspace_members": {
    "demo 0.0.0": ""
  },
  "conditions": {
    "cfg(target_arch = \"wasm32\")": [
      "wasm32-unknown-unknown",
      "wasm32-wasi"
    ],
    "cfg(unix)": [
      "aarch64-apple-darwin",
      "aarch64-apple-ios",
      "aarch64-apple-ios-sim",
      "aarch64-fuchsia",
      "aarch64-linux-android",
      "aarch64-unknown-linux-gnu",
      "arm-unknown-linux-gnueabi",
      "armv7-linux-androideabi",
      "armv7-unknown-linux-gnueabi",
      "i686-apple-darwin",
      "i686-linux-android",
      "i686-unknown-freebsd",
      "i686-unknown-linux-gnu",
      "powerpc-unknown-linux-gnu",
      "s390x-unknown-linux-gnu",
      "x86_64-apple-darwin",
      "x86_64-apple-ios",
      "x86_64-fuchsia",
      "x86_64-linux-android",
      "x86_64-unknown-freebsd",
      "x86_64-unknown-linux-gnu"
    ],
    "cfg(windows)": [
      "aarch64-pc-windows-msvc",
      "i686-pc-windows-msvc",
      "x86_64-pc-windows-msvc"
    ],
    "i686-pc-windows-gnu": [],
    "x86_64-pc-windows-gnu": []
  }
}
